
Microsoft Visual Studio Solution File, Format Version 12.00
# Visual Studio Version 16
VisualStudioVersion = 16.0.30611.23
MinimumVisualStudioVersion = 10.0.40219.1
Project("{FAE04EC0-301F-11D3-BF4B-00C04F79EFBC}") = "QuickSort", "QuickSort\QuickSort.csproj", "{A3DFE69E-FFB7-4BF0-9A08-40E906DE5F09}"
EndProject
Project("{FAE04EC0-301F-11D3-BF4B-00C04F79EFBC}") = "MergeSort", "MergeSort\MergeSort.csproj", "{4C0DB888-E698-4DEE-AB73-AE25913819A2}"
EndProject
Project("{FAE04EC0-301F-11D3-BF4B-00C04F79EFBC}") = "BFS", "BFS\BFS.csproj", "{626DA67E-0164-4A62-A953-A2778BB9C17A}"
EndProject
Project("{FAE04EC0-301F-11D3-BF4B-00C04F79EFBC}") = "DFS", "DFS\DFS.csproj", "{C0FE1E64-AB9C-400B-8272-2510A9917474}"
EndProject
Project("{FAE04EC0-301F-11D3-BF4B-00C04F79EFBC}") = "Dijkstra", "Dijkstra\Dijkstra.csproj", "{095696A9-7FE2-4E50-88D1-7A296CBBFFD3}"
EndProject
Global
	GlobalSection(SolutionConfigurationPlatforms) = preSolution
		Debug|Any CPU = Debug|Any CPU
		Release|Any CPU = Release|Any CPU
	EndGlobalSection
	GlobalSection(ProjectConfigurationPlatforms) = postSolution
		{A3DFE69E-FFB7-4BF0-9A08-40E906DE5F09}.Debug|Any CPU.ActiveCfg = Debug|Any CPU
		{A3DFE69E-FFB7-4BF0-9A08-40E906DE5F09}.Debug|Any CPU.Build.0 = Debug|Any CPU
		{A3DFE69E-FFB7-4BF0-9A08-40E906DE5F09}.Release|Any CPU.ActiveCfg = Release|Any CPU
		{A3DFE69E-FFB7-4BF0-9A08-40E906DE5F09}.Release|Any CPU.Build.0 = Release|Any CPU
		{4C0DB888-E698-4DEE-AB73-AE25913819A2}.Debug|Any CPU.ActiveCfg = Debug|Any CPU
		{4C0DB888-E698-4DEE-AB73-AE25913819A2}.Debug|Any CPU.Build.0 = Debug|Any CPU
		{4C0DB888-E698-4DEE-AB73-AE25913819A2}.Release|Any CPU.ActiveCfg = Release|Any CPU
		{4C0DB888-E698-4DEE-AB73-AE25913819A2}.Release|Any CPU.Build.0 = Release|Any CPU
		{626DA67E-0164-4A62-A953-A2778BB9C17A}.Debug|Any CPU.ActiveCfg = Debug|Any CPU
		{626DA67E-0164-4A62-A953-A2778BB9C17A}.Debug|Any CPU.Build.0 = Debug|Any CPU
		{626DA67E-0164-4A62-A953-A2778BB9C17A}.Release|Any CPU.ActiveCfg = Release|Any CPU
		{626DA67E-0164-4A62-A953-A2778BB9C17A}.Release|Any CPU.Build.0 = Release|Any CPU
		{C0FE1E64-AB9C-400B-8272-2510A9917474}.Debug|Any CPU.ActiveCfg = Debug|Any CPU
		{C0FE1E64-AB9C-400B-8272-2510A9917474}.Debug|Any CPU.Build.0 = Debug|Any CPU
		{C0FE1E64-AB9C-400B-8272-2510A9917474}.Release|Any CPU.ActiveCfg = Release|Any CPU
		{C0FE1E64-AB9C-400B-8272-2510A9917474}.Release|Any CPU.Build.0 = Release|Any CPU
		{095696A9-7FE2-4E50-88D1-7A296CBBFFD3}.Debug|Any CPU.ActiveCfg = Debug|Any CPU
		{095696A9-7FE2-4E50-88D1-7A296CBBFFD3}.Debug|Any CPU.Build.0 = Debug|Any CPU
		{095696A9-7FE2-4E50-88D1-7A296CBBFFD3}.Release|Any CPU.ActiveCfg = Release|Any CPU
		{095696A9-7FE2-4E50-88D1-7A296CBBFFD3}.Release|Any CPU.Build.0 = Release|Any CPU
	EndGlobalSection
	GlobalSection(SolutionProperties) = preSolution
		HideSolutionNode = FALSE
	EndGlobalSection
	GlobalSection(ExtensibilityGlobals) = postSolution
		SolutionGuid = {F460A3CE-234D-4B59-8927-D6E3A3B4CA6A}
	EndGlobalSection
EndGlobal
